
Microsoft Visual Studio Solution File, Format Version 12.00
# Visual Studio 15
Project("{FAE04EC0-301F-11D3-BF4B-00C04F79EFBC}") = "PackingAnimals", "PackingAnimals.csproj", "{A7B06FE8-222A-44A2-96DD-A82DA7C52460}"
EndProject
Global
	GlobalSection(SolutionConfigurationPlatforms) = preSolution
		Debug|Any CPU = Debug|Any CPU
		Release|Any CPU = Release|Any CPU
	EndGlobalSection
	GlobalSection(ProjectConfigurationPlatforms) = postSolution
		{A7B06FE8-222A-44A2-96DD-A82DA7C52460}.Debug|Any CPU.ActiveCfg = Debug|Any CPU
		{A7B06FE8-222A-44A2-96DD-A82DA7C52460}.Debug|Any CPU.Build.0 = Debug|Any CPU
		{A7B06FE8-222A-44A2-96DD-A82DA7C52460}.Release|Any CPU.ActiveCfg = Release|Any CPU
		{A7B06FE8-222A-44A2-96DD-A82DA7C52460}.Release|Any CPU.Build.0 = Release|Any CPU
	EndGlobalSection
EndGlobal
